
Microsoft Visual Studio Solution File, Format Version 12.00
# Visual Studio 14
VisualStudioVersion = 14.0.25420.1
MinimumVisualStudioVersion = 10.0.40219.1
Project("{FAE04EC0-301F-11D3-BF4B-00C04F79EFBC}") = "PipeDataModel", "PipeDataModel\PipeDataModel.csproj", "{7F5E7A00-5EF1-454C-BF0D-F2624434AD76}"
EndProject
Project("{FAE04EC0-301F-11D3-BF4B-00C04F79EFBC}") = "TestReceiverApplication", "TestReceiverApplication\TestReceiverApplication.csproj", "{2B9DEF93-7DD9-4C7D-821D-9781FF674723}"
EndProject
Project("{FAE04EC0-301F-11D3-BF4B-00C04F79EFBC}") = "TestSenderApplication", "TestSenderApplication\TestSenderApplication.csproj", "{C22B711D-CF5F-4AA9-8F38-4FB4B629F9D8}"
EndProject
Global
	GlobalSection(SolutionConfigurationPlatforms) = preSolution
		Debug|Any CPU = Debug|Any CPU
		Release|Any CPU = Release|Any CPU
	EndGlobalSection
	GlobalSection(ProjectConfigurationPlatforms) = postSolution
		{7F5E7A00-5EF1-454C-BF0D-F2624434AD76}.Debug|Any CPU.ActiveCfg = Debug|Any CPU
		{7F5E7A00-5EF1-454C-BF0D-F2624434AD76}.Debug|Any CPU.Build.0 = Debug|Any CPU
		{7F5E7A00-5EF1-454C-BF0D-F2624434AD76}.Release|Any CPU.ActiveCfg = Release|Any CPU
		{7F5E7A00-5EF1-454C-BF0D-F2624434AD76}.Release|Any CPU.Build.0 = Release|Any CPU
		{2B9DEF93-7DD9-4C7D-821D-9781FF674723}.Debug|Any CPU.ActiveCfg = Debug|Any CPU
		{2B9DEF93-7DD9-4C7D-821D-9781FF674723}.Debug|Any CPU.Build.0 = Debug|Any CPU
		{2B9DEF93-7DD9-4C7D-821D-9781FF674723}.Release|Any CPU.ActiveCfg = Release|Any CPU
		{2B9DEF93-7DD9-4C7D-821D-9781FF674723}.Release|Any CPU.Build.0 = Release|Any CPU
		{C22B711D-CF5F-4AA9-8F38-4FB4B629F9D8}.Debug|Any CPU.ActiveCfg = Debug|Any CPU
		{C22B711D-CF5F-4AA9-8F38-4FB4B629F9D8}.Debug|Any CPU.Build.0 = Debug|Any CPU
		{C22B711D-CF5F-4AA9-8F38-4FB4B629F9D8}.Release|Any CPU.ActiveCfg = Release|Any CPU
		{C22B711D-CF5F-4AA9-8F38-4FB4B629F9D8}.Release|Any CPU.Build.0 = Release|Any CPU
	EndGlobalSection
	GlobalSection(SolutionProperties) = preSolution
		HideSolutionNode = FALSE
	EndGlobalSection
EndGlobal
