
Microsoft Visual Studio Solution File, Format Version 12.00
# Visual Studio 15
VisualStudioVersion = 15.0.27130.2003
MinimumVisualStudioVersion = 10.0.40219.1
Project("{FAE04EC0-301F-11D3-BF4B-00C04F79EFBC}") = "PipeDataModel", "PipeDataModel\PipeDataModel.csproj", "{7F5E7A00-5EF1-454C-BF0D-F2624434AD76}"
EndProject
Project("{FAE04EC0-301F-11D3-BF4B-00C04F79EFBC}") = "TestReceiverApplication", "TestReceiverApplication\TestReceiverApplication.csproj", "{2B9DEF93-7DD9-4C7D-821D-9781FF674723}"
EndProject
Project("{FAE04EC0-301F-11D3-BF4B-00C04F79EFBC}") = "TestSenderApplication", "TestSenderApplication\TestSenderApplication.csproj", "{C22B711D-CF5F-4AA9-8F38-4FB4B629F9D8}"
EndProject
Project("{FAE04EC0-301F-11D3-BF4B-00C04F79EFBC}") = "PipeForGrasshopper", "PipeForGrasshopper\PipeForGrasshopper.csproj", "{98E4164A-BF65-4949-930C-D82A5EDEB5AB}"
EndProject
Project("{FAE04EC0-301F-11D3-BF4B-00C04F79EFBC}") = "RhinoPipeConverter", "RhinoPipeConverter\RhinoPipeConverter.csproj", "{3803A2E6-AA71-4D38-9C4F-3288FB5E4FAA}"
EndProject
Project("{FAE04EC0-301F-11D3-BF4B-00C04F79EFBC}") = "PipeForDynamo", "PipeForDynamo\PipeForDynamo.csproj", "{99B6FC41-B79C-40FF-AFEE-E2C51D194710}"
EndProject
Project("{FAE04EC0-301F-11D3-BF4B-00C04F79EFBC}") = "PipeForRhino", "PipeForRhino\PipeForRhino.csproj", "{5E709ACC-9DEA-4409-968B-0D15547B1CD2}"
EndProject
Project("{FAE04EC0-301F-11D3-BF4B-00C04F79EFBC}") = "PipeForRevit", "PipeForRevit\PipeForRevit.csproj", "{A0881202-E4E3-40D3-88E1-B85211618394}"
EndProject
Global
	GlobalSection(SolutionConfigurationPlatforms) = preSolution
		Debug|Any CPU = Debug|Any CPU
		Debug32|Any CPU = Debug32|Any CPU
		Debug64|Any CPU = Debug64|Any CPU
		Release|Any CPU = Release|Any CPU
	EndGlobalSection
	GlobalSection(ProjectConfigurationPlatforms) = postSolution
		{7F5E7A00-5EF1-454C-BF0D-F2624434AD76}.Debug|Any CPU.ActiveCfg = Debug|Any CPU
		{7F5E7A00-5EF1-454C-BF0D-F2624434AD76}.Debug|Any CPU.Build.0 = Debug|Any CPU
		{7F5E7A00-5EF1-454C-BF0D-F2624434AD76}.Debug32|Any CPU.ActiveCfg = Debug|Any CPU
		{7F5E7A00-5EF1-454C-BF0D-F2624434AD76}.Debug32|Any CPU.Build.0 = Debug|Any CPU
		{7F5E7A00-5EF1-454C-BF0D-F2624434AD76}.Debug64|Any CPU.ActiveCfg = Debug|Any CPU
		{7F5E7A00-5EF1-454C-BF0D-F2624434AD76}.Debug64|Any CPU.Build.0 = Debug|Any CPU
		{7F5E7A00-5EF1-454C-BF0D-F2624434AD76}.Release|Any CPU.ActiveCfg = Release|Any CPU
		{7F5E7A00-5EF1-454C-BF0D-F2624434AD76}.Release|Any CPU.Build.0 = Release|Any CPU
		{2B9DEF93-7DD9-4C7D-821D-9781FF674723}.Debug|Any CPU.ActiveCfg = Debug|Any CPU
		{2B9DEF93-7DD9-4C7D-821D-9781FF674723}.Debug|Any CPU.Build.0 = Debug|Any CPU
		{2B9DEF93-7DD9-4C7D-821D-9781FF674723}.Debug32|Any CPU.ActiveCfg = Debug|Any CPU
		{2B9DEF93-7DD9-4C7D-821D-9781FF674723}.Debug32|Any CPU.Build.0 = Debug|Any CPU
		{2B9DEF93-7DD9-4C7D-821D-9781FF674723}.Debug64|Any CPU.ActiveCfg = Debug|Any CPU
		{2B9DEF93-7DD9-4C7D-821D-9781FF674723}.Debug64|Any CPU.Build.0 = Debug|Any CPU
		{2B9DEF93-7DD9-4C7D-821D-9781FF674723}.Release|Any CPU.ActiveCfg = Release|Any CPU
		{2B9DEF93-7DD9-4C7D-821D-9781FF674723}.Release|Any CPU.Build.0 = Release|Any CPU
		{C22B711D-CF5F-4AA9-8F38-4FB4B629F9D8}.Debug|Any CPU.ActiveCfg = Debug|Any CPU
		{C22B711D-CF5F-4AA9-8F38-4FB4B629F9D8}.Debug|Any CPU.Build.0 = Debug|Any CPU
		{C22B711D-CF5F-4AA9-8F38-4FB4B629F9D8}.Debug32|Any CPU.ActiveCfg = Debug|Any CPU
		{C22B711D-CF5F-4AA9-8F38-4FB4B629F9D8}.Debug32|Any CPU.Build.0 = Debug|Any CPU
		{C22B711D-CF5F-4AA9-8F38-4FB4B629F9D8}.Debug64|Any CPU.ActiveCfg = Debug|Any CPU
		{C22B711D-CF5F-4AA9-8F38-4FB4B629F9D8}.Debug64|Any CPU.Build.0 = Debug|Any CPU
		{C22B711D-CF5F-4AA9-8F38-4FB4B629F9D8}.Release|Any CPU.ActiveCfg = Release|Any CPU
		{C22B711D-CF5F-4AA9-8F38-4FB4B629F9D8}.Release|Any CPU.Build.0 = Release|Any CPU
		{98E4164A-BF65-4949-930C-D82A5EDEB5AB}.Debug|Any CPU.ActiveCfg = Debug64|Any CPU
		{98E4164A-BF65-4949-930C-D82A5EDEB5AB}.Debug|Any CPU.Build.0 = Debug64|Any CPU
		{98E4164A-BF65-4949-930C-D82A5EDEB5AB}.Debug32|Any CPU.ActiveCfg = Debug32|Any CPU
		{98E4164A-BF65-4949-930C-D82A5EDEB5AB}.Debug32|Any CPU.Build.0 = Debug32|Any CPU
		{98E4164A-BF65-4949-930C-D82A5EDEB5AB}.Debug64|Any CPU.ActiveCfg = Debug64|Any CPU
		{98E4164A-BF65-4949-930C-D82A5EDEB5AB}.Debug64|Any CPU.Build.0 = Debug64|Any CPU
		{98E4164A-BF65-4949-930C-D82A5EDEB5AB}.Release|Any CPU.ActiveCfg = Release|Any CPU
		{98E4164A-BF65-4949-930C-D82A5EDEB5AB}.Release|Any CPU.Build.0 = Release|Any CPU
		{3803A2E6-AA71-4D38-9C4F-3288FB5E4FAA}.Debug|Any CPU.ActiveCfg = Debug|Any CPU
		{3803A2E6-AA71-4D38-9C4F-3288FB5E4FAA}.Debug|Any CPU.Build.0 = Debug|Any CPU
		{3803A2E6-AA71-4D38-9C4F-3288FB5E4FAA}.Debug32|Any CPU.ActiveCfg = Debug|Any CPU
		{3803A2E6-AA71-4D38-9C4F-3288FB5E4FAA}.Debug32|Any CPU.Build.0 = Debug|Any CPU
		{3803A2E6-AA71-4D38-9C4F-3288FB5E4FAA}.Debug64|Any CPU.ActiveCfg = Debug|Any CPU
		{3803A2E6-AA71-4D38-9C4F-3288FB5E4FAA}.Debug64|Any CPU.Build.0 = Debug|Any CPU
		{3803A2E6-AA71-4D38-9C4F-3288FB5E4FAA}.Release|Any CPU.ActiveCfg = Release|Any CPU
		{3803A2E6-AA71-4D38-9C4F-3288FB5E4FAA}.Release|Any CPU.Build.0 = Release|Any CPU
		{99B6FC41-B79C-40FF-AFEE-E2C51D194710}.Debug|Any CPU.ActiveCfg = Debug|Any CPU
		{99B6FC41-B79C-40FF-AFEE-E2C51D194710}.Debug|Any CPU.Build.0 = Debug|Any CPU
		{99B6FC41-B79C-40FF-AFEE-E2C51D194710}.Debug32|Any CPU.ActiveCfg = Debug|Any CPU
		{99B6FC41-B79C-40FF-AFEE-E2C51D194710}.Debug32|Any CPU.Build.0 = Debug|Any CPU
		{99B6FC41-B79C-40FF-AFEE-E2C51D194710}.Debug64|Any CPU.ActiveCfg = Debug|Any CPU
		{99B6FC41-B79C-40FF-AFEE-E2C51D194710}.Debug64|Any CPU.Build.0 = Debug|Any CPU
		{99B6FC41-B79C-40FF-AFEE-E2C51D194710}.Release|Any CPU.ActiveCfg = Release|Any CPU
		{99B6FC41-B79C-40FF-AFEE-E2C51D194710}.Release|Any CPU.Build.0 = Release|Any CPU
		{5E709ACC-9DEA-4409-968B-0D15547B1CD2}.Debug|Any CPU.ActiveCfg = Debug64|Any CPU
		{5E709ACC-9DEA-4409-968B-0D15547B1CD2}.Debug|Any CPU.Build.0 = Debug64|Any CPU
		{5E709ACC-9DEA-4409-968B-0D15547B1CD2}.Debug32|Any CPU.ActiveCfg = Debug32|Any CPU
		{5E709ACC-9DEA-4409-968B-0D15547B1CD2}.Debug32|Any CPU.Build.0 = Debug32|Any CPU
		{5E709ACC-9DEA-4409-968B-0D15547B1CD2}.Debug64|Any CPU.ActiveCfg = Debug64|Any CPU
		{5E709ACC-9DEA-4409-968B-0D15547B1CD2}.Debug64|Any CPU.Build.0 = Debug64|Any CPU
		{5E709ACC-9DEA-4409-968B-0D15547B1CD2}.Release|Any CPU.ActiveCfg = Release|Any CPU
		{5E709ACC-9DEA-4409-968B-0D15547B1CD2}.Release|Any CPU.Build.0 = Release|Any CPU
		{A0881202-E4E3-40D3-88E1-B85211618394}.Debug|Any CPU.ActiveCfg = Debug|Any CPU
		{A0881202-E4E3-40D3-88E1-B85211618394}.Debug|Any CPU.Build.0 = Debug|Any CPU
		{A0881202-E4E3-40D3-88E1-B85211618394}.Debug32|Any CPU.ActiveCfg = Debug|Any CPU
		{A0881202-E4E3-40D3-88E1-B85211618394}.Debug32|Any CPU.Build.0 = Debug|Any CPU
		{A0881202-E4E3-40D3-88E1-B85211618394}.Debug64|Any CPU.ActiveCfg = Debug|Any CPU
		{A0881202-E4E3-40D3-88E1-B85211618394}.Debug64|Any CPU.Build.0 = Debug|Any CPU
		{A0881202-E4E3-40D3-88E1-B85211618394}.Release|Any CPU.ActiveCfg = Release|Any CPU
		{A0881202-E4E3-40D3-88E1-B85211618394}.Release|Any CPU.Build.0 = Release|Any CPU
	EndGlobalSection
	GlobalSection(SolutionProperties) = preSolution
		HideSolutionNode = FALSE
	EndGlobalSection
	GlobalSection(ExtensibilityGlobals) = postSolution
		SolutionGuid = {295A2E83-65F4-4F5A-88DB-AC94EF18FAE8}
	EndGlobalSection
EndGlobal
